PODS:
  - Capacitor (6.1.2):
    - CapacitorCordova
  - CapacitorActionSheet (6.0.2):
    - Capacitor
  - CapacitorCordova (6.1.2)
  - CapacitorDevice (6.0.1):
    - Capacitor
  - CapacitorToast (6.0.2):
    - Capacitor

DEPENDENCIES:
  - "Capacitor (from `../../node_modules/@capacitor/ios`)"
  - "CapacitorActionSheet (from `../../node_modules/@capacitor/action-sheet`)"
  - "CapacitorCordova (from `../../node_modules/@capacitor/ios`)"
  - "CapacitorDevice (from `../../node_modules/@capacitor/device`)"
  - "CapacitorToast (from `../../node_modules/@capacitor/toast`)"

EXTERNAL SOURCES:
  Capacitor:
    :path: "../../node_modules/@capacitor/ios"
  CapacitorActionSheet:
    :path: "../../node_modules/@capacitor/action-sheet"
  CapacitorCordova:
    :path: "../../node_modules/@capacitor/ios"
  CapacitorDevice:
    :path: "../../node_modules/@capacitor/device"
  CapacitorToast:
    :path: "../../node_modules/@capacitor/toast"

SPEC CHECKSUMS:
  Capacitor: 679f9673fdf30597493a6362a5d5bf233d46abc2
  CapacitorActionSheet: 66633b06ada3a8f98f8f3f4a61c8f7171695ab8d
  CapacitorCordova: f48c89f96c319101cd2f0ce8a2b7449b5fb8b3dd
  CapacitorDevice: 7097a1deb4224b77fd13a6e60a355d0062a5d772
  CapacitorToast: cfd82cd5afdc3f027ad4a8859f909ae4a327f3c3

PODFILE CHECKSUM: 1562290e3393a1c39116cbec535b9be7b4e5e835

COCOAPODS: 1.15.2
